
Microsoft Visual Studio Solution File, Format Version 12.00
# Visual Studio Version 17
VisualStudioVersion = 17.4.33213.308
MinimumVisualStudioVersion = 10.0.40219.1
Project("{FAE04EC0-301F-11D3-BF4B-00C04F79EFBC}") = "PokedexwebFinal", "PokedexwebFinal\PokedexwebFinal.csproj", "{A297F58D-EB98-4D16-944F-57ADBB55DF62}"
EndProject
Project("{FAE04EC0-301F-11D3-BF4B-00C04F79EFBC}") = "dominio", "Dominio\dominio.csproj", "{392859C4-9B97-4632-A1CD-6D891D1E8038}"
EndProject
Project("{FAE04EC0-301F-11D3-BF4B-00C04F79EFBC}") = "negocio", "Negocio\negocio.csproj", "{F63306E0-6794-4A78-9A10-388B6993694C}"
EndProject
Global
	GlobalSection(SolutionConfigurationPlatforms) = preSolution
		Debug|Any CPU = Debug|Any CPU
		Release|Any CPU = Release|Any CPU
	EndGlobalSection
	GlobalSection(ProjectConfigurationPlatforms) = postSolution
		{A297F58D-EB98-4D16-944F-57ADBB55DF62}.Debug|Any CPU.ActiveCfg = Debug|Any CPU
		{A297F58D-EB98-4D16-944F-57ADBB55DF62}.Debug|Any CPU.Build.0 = Debug|Any CPU
		{A297F58D-EB98-4D16-944F-57ADBB55DF62}.Release|Any CPU.ActiveCfg = Release|Any CPU
		{A297F58D-EB98-4D16-944F-57ADBB55DF62}.Release|Any CPU.Build.0 = Release|Any CPU
		{392859C4-9B97-4632-A1CD-6D891D1E8038}.Debug|Any CPU.ActiveCfg = Debug|Any CPU
		{392859C4-9B97-4632-A1CD-6D891D1E8038}.Debug|Any CPU.Build.0 = Debug|Any CPU
		{392859C4-9B97-4632-A1CD-6D891D1E8038}.Release|Any CPU.ActiveCfg = Release|Any CPU
		{392859C4-9B97-4632-A1CD-6D891D1E8038}.Release|Any CPU.Build.0 = Release|Any CPU
		{F63306E0-6794-4A78-9A10-388B6993694C}.Debug|Any CPU.ActiveCfg = Debug|Any CPU
		{F63306E0-6794-4A78-9A10-388B6993694C}.Debug|Any CPU.Build.0 = Debug|Any CPU
		{F63306E0-6794-4A78-9A10-388B6993694C}.Release|Any CPU.ActiveCfg = Release|Any CPU
		{F63306E0-6794-4A78-9A10-388B6993694C}.Release|Any CPU.Build.0 = Release|Any CPU
	EndGlobalSection
	GlobalSection(SolutionProperties) = preSolution
		HideSolutionNode = FALSE
	EndGlobalSection
	GlobalSection(ExtensibilityGlobals) = postSolution
		SolutionGuid = {D32996A5-4F08-478C-8429-6A78660C9D49}
	EndGlobalSection
EndGlobal
